
Microsoft Visual Studio Solution File, Format Version 12.00
# Visual Studio Version 17
VisualStudioVersion = 17.10.35013.160
MinimumVisualStudioVersion = 10.0.40219.1
Project("{FAE04EC0-301F-11D3-BF4B-00C04F79EFBC}") = "TestDevWebApi", "TestDevWebApi\TestDevWebApi.csproj", "{5BE2AE51-73EF-4EA4-8F4F-7FF90D05A2CA}"
EndProject
Project("{FAE04EC0-301F-11D3-BF4B-00C04F79EFBC}") = "TestDevFrontEnd", "TestDevFrontEnd\TestDevFrontEnd.csproj", "{32136538-7A35-4E0B-800F-32F5E7FE6BE6}"
EndProject
Global
	GlobalSection(SolutionConfigurationPlatforms) = preSolution
		Debug|Any CPU = Debug|Any CPU
		Release|Any CPU = Release|Any CPU
	EndGlobalSection
	GlobalSection(ProjectConfigurationPlatforms) = postSolution
		{5BE2AE51-73EF-4EA4-8F4F-7FF90D05A2CA}.Debug|Any CPU.ActiveCfg = Debug|Any CPU
		{5BE2AE51-73EF-4EA4-8F4F-7FF90D05A2CA}.Debug|Any CPU.Build.0 = Debug|Any CPU
		{5BE2AE51-73EF-4EA4-8F4F-7FF90D05A2CA}.Release|Any CPU.ActiveCfg = Release|Any CPU
		{5BE2AE51-73EF-4EA4-8F4F-7FF90D05A2CA}.Release|Any CPU.Build.0 = Release|Any CPU
		{32136538-7A35-4E0B-800F-32F5E7FE6BE6}.Debug|Any CPU.ActiveCfg = Debug|Any CPU
		{32136538-7A35-4E0B-800F-32F5E7FE6BE6}.Debug|Any CPU.Build.0 = Debug|Any CPU
		{32136538-7A35-4E0B-800F-32F5E7FE6BE6}.Release|Any CPU.ActiveCfg = Release|Any CPU
		{32136538-7A35-4E0B-800F-32F5E7FE6BE6}.Release|Any CPU.Build.0 = Release|Any CPU
	EndGlobalSection
	GlobalSection(SolutionProperties) = preSolution
		HideSolutionNode = FALSE
	EndGlobalSection
	GlobalSection(ExtensibilityGlobals) = postSolution
		SolutionGuid = {7475A20C-E2F3-49CF-86C3-5AAE88FD1A5F}
	EndGlobalSection
EndGlobal
